
Microsoft Visual Studio Solution File, Format Version 12.00
# Visual Studio Version 16
VisualStudioVersion = 16.0.29102.190
MinimumVisualStudioVersion = 10.0.40219.1
Project("{FAE04EC0-301F-11D3-BF4B-00C04F79EFBC}") = "TabTools", "TabTools\TabTools.csproj", "{7FCC827A-3D81-43EB-8AD2-E4B1B63030DD}"
EndProject
Global
	GlobalSection(SolutionConfigurationPlatforms) = preSolution
		Debug|Any CPU = Debug|Any CPU
		Release|Any CPU = Release|Any CPU
	EndGlobalSection
	GlobalSection(ProjectConfigurationPlatforms) = postSolution
		{7FCC827A-3D81-43EB-8AD2-E4B1B63030DD}.Debug|Any CPU.ActiveCfg = Debug|Any CPU
		{7FCC827A-3D81-43EB-8AD2-E4B1B63030DD}.Debug|Any CPU.Build.0 = Debug|Any CPU
		{7FCC827A-3D81-43EB-8AD2-E4B1B63030DD}.Release|Any CPU.ActiveCfg = Release|Any CPU
		{7FCC827A-3D81-43EB-8AD2-E4B1B63030DD}.Release|Any CPU.Build.0 = Release|Any CPU
	EndGlobalSection
	GlobalSection(SolutionProperties) = preSolution
		HideSolutionNode = FALSE
	EndGlobalSection
	GlobalSection(ExtensibilityGlobals) = postSolution
		SolutionGuid = {055F67CB-5B02-4C2E-833A-4238577D6BE8}
	EndGlobalSection
EndGlobal
